// !$*UTF8*$!
{
	archiveVersion = 1;
	classes = {
	};
	objectVersion = 50;
	objects = {

/* Begin PBXBuildFile section */
		9974C53329F2C89A000B20C1 /* AppDelegate.m in Sources */ = {isa = PBXBuildFile; fileRef = 9974C53229F2C89A000B20C1 /* AppDelegate.m */; };
		9974C53629F2C89A000B20C1 /* ViewController.m in Sources */ = {isa = PBXBuildFile; fileRef = 9974C53529F2C89A000B20C1 /* ViewController.m */; };
		9974C53829F2C89E000B20C1 /* Assets.xcassets in Resources */ = {isa = PBXBuildFile; fileRef = 9974C53729F2C89E000B20C1 /* Assets.xcassets */; };
		9974C53B29F2C89E000B20C1 /* Main.storyboard in Resources */ = {isa = PBXBuildFile; fileRef = 9974C53929F2C89E000B20C1 /* Main.storyboard */; };
		9974C53E29F2C89E000B20C1 /* main.m in Sources */ = {isa = PBXBuildFile; fileRef = 9974C53D29F2C89E000B20C1 /* main.m */; };
		E7CD0B4605ADAA4E583DB959 /* Pods_BanditBookChapter5Show.framework in Frameworks */ = {isa = PBXBuildFile; fileRef = BCDE14930ED72DA57621471C /* Pods_BanditBookChapter5Show.framework */; };
/* End PBXBuildFile section */

/* Begin PBXFileReference section */
		0C52C9EA464C27033F0EE817 /* Pods-BanditBookChapter5Show.release.xcconfig */ = {isa = PBXFileReference; includeInIndex = 1; lastKnownFileType = text.xcconfig; name = "Pods-BanditBookChapter5Show.release.xcconfig"; path = "Target Support Files/Pods-BanditBookChapter5Show/Pods-BanditBookChapter5Show.release.xcconfig"; sourceTree = "<group>"; };
		9974C52E29F2C89A000B20C1 /* BanditBookChapter5Show.app */ = {isa = PBXFileReference; explicitFileType = wrapper.application; includeInIndex = 0; path = BanditBookChapter5Show.app; sourceTree = BUILT_PRODUCTS_DIR; };
		9974C53129F2C89A000B20C1 /* AppDelegate.h */ = {isa = PBXFileReference; lastKnownFileType = sourcecode.c.h; path = AppDelegate.h; sourceTree = "<group>"; };
		9974C53229F2C89A000B20C1 /* AppDelegate.m */ = {isa = PBXFileReference; lastKnownFileType = sourcecode.c.objc; path = AppDelegate.m; sourceTree = "<group>"; };
		9974C53429F2C89A000B20C1 /* ViewController.h */ = {isa = PBXFileReference; lastKnownFileType = sourcecode.c.h; path = ViewController.h; sourceTree = "<group>"; };
		9974C53529F2C89A000B20C1 /* ViewController.m */ = {isa = PBXFileReference; lastKnownFileType = sourcecode.c.objc; path = ViewController.m; sourceTree = "<group>"; };
		9974C53729F2C89E000B20C1 /* Assets.xcassets */ = {isa = PBXFileReference; lastKnownFileType = folder.assetcatalog; path = Assets.xcassets; sourceTree = "<group>"; };
		9974C53A29F2C89E000B20C1 /* Base */ = {isa = PBXFileReference; lastKnownFileType = file.storyboard; name = Base; path = Base.lproj/Main.storyboard; sourceTree = "<group>"; };
		9974C53C29F2C89E000B20C1 /* Info.plist */ = {isa = PBXFileReference; lastKnownFileType = text.plist.xml; path = Info.plist; sourceTree = "<group>"; };
		9974C53D29F2C89E000B20C1 /* main.m */ = {isa = PBXFileReference; lastKnownFileType = sourcecode.c.objc; path = main.m; sourceTree = "<group>"; };
		9974C53F29F2C89E000B20C1 /* BanditBookChapter5Show.entitlements */ = {isa = PBXFileReference; lastKnownFileType = text.plist.entitlements; path = BanditBookChapter5Show.entitlements; sourceTree = "<group>"; };
		B8FC66076E63CB0612E3C169 /* Pods-BanditBookChapter5Show.debug.xcconfig */ = {isa = PBXFileReference; includeInIndex = 1; lastKnownFileType = text.xcconfig; name = "Pods-BanditBookChapter5Show.debug.xcconfig"; path = "Target Support Files/Pods-BanditBookChapter5Show/Pods-BanditBookChapter5Show.debug.xcconfig"; sourceTree = "<group>"; };
		BCDE14930ED72DA57621471C /* Pods_BanditBookChapter5Show.framework */ = {isa = PBXFileReference; explicitFileType = wrapper.framework; includeInIndex = 0; path = Pods_BanditBookChapter5Show.framework; sourceTree = BUILT_PRODUCTS_DIR; };
/* End PBXFileReference section */

/* Begin PBXFrameworksBuildPhase section */
		9974C52B29F2C89A000B20C1 /* Frameworks */ = {
			isa = PBXFrameworksBuildPhase;
			buildActionMask = 2147483647;
			files = (
				E7CD0B4605ADAA4E583DB959 /* Pods_BanditBookChapter5Show.framework in Frameworks */,
			);
			runOnlyForDeploymentPostprocessing = 0;
		};
/* End PBXFrameworksBuildPhase section */

/* Begin PBXGroup section */
		4DE759D6F52BA2BA832A3DF7 /* Frameworks */ = {
			isa = PBXGroup;
			children = (
				BCDE14930ED72DA57621471C /* Pods_BanditBookChapter5Show.framework */,
			);
			name = Frameworks;
			sourceTree = "<group>";
		};
		5B8648DFF5963DD34800FACB /* Pods */ = {
			isa = PBXGroup;
			children = (
				B8FC66076E63CB0612E3C169 /* Pods-BanditBookChapter5Show.debug.xcconfig */,
				0C52C9EA464C27033F0EE817 /* Pods-BanditBookChapter5Show.release.xcconfig */,
			);
			name = Pods;
			path = Pods;
			sourceTree = "<group>";
		};
		9974C52529F2C89A000B20C1 = {
			isa = PBXGroup;
			children = (
				9974C53029F2C89A000B20C1 /* BanditBookChapter5Show */,
				9974C52F29F2C89A000B20C1 /* Products */,
				5B8648DFF5963DD34800FACB /* Pods */,
				4DE759D6F52BA2BA832A3DF7 /* Frameworks */,
			);
			sourceTree = "<group>";
		};
		9974C52F29F2C89A000B20C1 /* Products */ = {
			isa = PBXGroup;
			children = (
				9974C52E29F2C89A000B20C1 /* BanditBookChapter5Show.app */,
			);
			name = Products;
			sourceTree = "<group>";
		};
		9974C53029F2C89A000B20C1 /* BanditBookChapter5Show */ = {
			isa = PBXGroup;
			children = (
				9974C53129F2C89A000B20C1 /* AppDelegate.h */,
				9974C53229F2C89A000B20C1 /* AppDelegate.m */,
				9974C53429F2C89A000B20C1 /* ViewController.h */,
				9974C53529F2C89A000B20C1 /* ViewController.m */,
				9974C53729F2C89E000B20C1 /* Assets.xcassets */,
				9974C53929F2C89E000B20C1 /* Main.storyboard */,
				9974C53C29F2C89E000B20C1 /* Info.plist */,
				9974C53D29F2C89E000B20C1 /* main.m */,
				9974C53F29F2C89E000B20C1 /* BanditBookChapter5Show.entitlements */,
			);
			path = BanditBookChapter5Show;
			sourceTree = "<group>";
		};
/* End PBXGroup section */

/* Begin PBXNativeTarget section */
		9974C52D29F2C89A000B20C1 /* BanditBookChapter5Show */ = {
			isa = PBXNativeTarget;
			buildConfigurationList = 9974C54229F2C89E000B20C1 /* Build configuration list for PBXNativeTarget "BanditBookChapter5Show" */;
			buildPhases = (
				E091F64AAE2E9323BF51D373 /* [CP] Check Pods Manifest.lock */,
				9974C52A29F2C89A000B20C1 /* Sources */,
				9974C52B29F2C89A000B20C1 /* Frameworks */,
				9974C52C29F2C89A000B20C1 /* Resources */,
				8DF9FE17535436E1FA6BF5F5 /* [CP] Embed Pods Frameworks */,
			);
			buildRules = (
			);
			dependencies = (
			);
			name = BanditBookChapter5Show;
			productName = BanditBookChapter5Show;
			productReference = 9974C52E29F2C89A000B20C1 /* BanditBookChapter5Show.app */;
			productType = "com.apple.product-type.application";
		};
/* End PBXNativeTarget section */

/* Begin PBXProject section */
		9974C52629F2C89A000B20C1 /* Project object */ = {
			isa = PBXProject;
			attributes = {
				LastUpgradeCheck = 1230;
				TargetAttributes = {
					9974C52D29F2C89A000B20C1 = {
						CreatedOnToolsVersion = 12.3;
					};
				};
			};
			buildConfigurationList = 9974C52929F2C89A000B20C1 /* Build configuration list for PBXProject "BanditBookChapter5Show" */;
			compatibilityVersion = "Xcode 9.3";
			developmentRegion = en;
			hasScannedForEncodings = 0;
			knownRegions = (
				en,
				Base,
			);
			mainGroup = 9974C52529F2C89A000B20C1;
			productRefGroup = 9974C52F29F2C89A000B20C1 /* Products */;
			projectDirPath = "";
			projectRoot = "";
			targets = (
				9974C52D29F2C89A000B20C1 /* BanditBookChapter5Show */,
			);
		};
/* End PBXProject section */

/* Begin PBXResourcesBuildPhase section */
		9974C52C29F2C89A000B20C1 /* Resources */ = {
			isa = PBXResourcesBuildPhase;
			buildActionMask = 2147483647;
			files = (
				9974C53829F2C89E000B20C1 /* Assets.xcassets in Resources */,
				9974C53B29F2C89E000B20C1 /* Main.storyboard in Resources */,
			);
			runOnlyForDeploymentPostprocessing = 0;
		};
/* End PBXResourcesBuildPhase section */

/* Begin PBXShellScriptBuildPhase section */
		8DF9FE17535436E1FA6BF5F5 /* [CP] Embed Pods Frameworks */ = {
			isa = PBXShellScriptBuildPhase;
			buildActionMask = 2147483647;
			files = (
			);
			inputFileListPaths = (
				"${PODS_ROOT}/Target Support Files/Pods-BanditBookChapter5Show/Pods-BanditBookChapter5Show-frameworks-${CONFIGURATION}-input-files.xcfilelist",
			);
			name = "[CP] Embed Pods Frameworks";
			outputFileListPaths = (
				"${PODS_ROOT}/Target Support Files/Pods-BanditBookChapter5Show/Pods-BanditBookChapter5Show-frameworks-${CONFIGURATION}-output-files.xcfilelist",
			);
			runOnlyForDeploymentPostprocessing = 0;
			shellPath = /bin/sh;
			shellScript = "\"${PODS_ROOT}/Target Support Files/Pods-BanditBookChapter5Show/Pods-BanditBookChapter5Show-frameworks.sh\"\n";
			showEnvVarsInLog = 0;
		};
		E091F64AAE2E9323BF51D373 /* [CP] Check Pods Manifest.lock */ = {
			isa = PBXShellScriptBuildPhase;
			buildActionMask = 2147483647;
			files = (
			);
			inputFileListPaths = (
			);
			inputPaths = (
				"${PODS_PODFILE_DIR_PATH}/Podfile.lock",
				"${PODS_ROOT}/Manifest.lock",
			);
			name = "[CP] Check Pods Manifest.lock";
			outputFileListPaths = (
			);
			outputPaths = (
				"$(DERIVED_FILE_DIR)/Pods-BanditBookChapter5Show-checkManifestLockResult.txt",
			);
			runOnlyForDeploymentPostprocessing = 0;
			shellPath = /bin/sh;
			shellScript = "diff \"${PODS_PODFILE_DIR_PATH}/Podfile.lock\" \"${PODS_ROOT}/Manifest.lock\" > /dev/null\nif [ $? != 0 ] ; then\n    # print error to STDERR\n    echo \"error: The sandbox is not in sync with the Podfile.lock. Run 'pod install' or update your CocoaPods installation.\" >&2\n    exit 1\nfi\n# This output is used by Xcode 'outputs' to avoid re-running this script phase.\necho \"SUCCESS\" > \"${SCRIPT_OUTPUT_FILE_0}\"\n";
			showEnvVarsInLog = 0;
		};
/* End PBXShellScriptBuildPhase section */

/* Begin PBXSourcesBuildPhase section */
		9974C52A29F2C89A000B20C1 /* Sources */ = {
			isa = PBXSourcesBuildPhase;
			buildActionMask = 2147483647;
			files = (
				9974C53629F2C89A000B20C1 /* ViewController.m in Sources */,
				9974C53E29F2C89E000B20C1 /* main.m in Sources */,
				9974C53329F2C89A000B20C1 /* AppDelegate.m in Sources */,
			);
			runOnlyForDeploymentPostprocessing = 0;
		};
/* End PBXSourcesBuildPhase section */

/* Begin PBXVariantGroup section */
		9974C53929F2C89E000B20C1 /* Main.storyboard */ = {
			isa = PBXVariantGroup;
			children = (
				9974C53A29F2C89E000B20C1 /* Base */,
			);
			name = Main.storyboard;
			sourceTree = "<group>";
		};
/* End PBXVariantGroup section */

/* Begin XCBuildConfiguration section */
		9974C54029F2C89E000B20C1 /* Debug */ = {
			isa = XCBuildConfiguration;
			buildSettings = {
				ALWAYS_SEARCH_USER_PATHS = NO;
				CLANG_ANALYZER_NONNULL = YES;
				CLANG_ANALYZER_NUMBER_OBJECT_CONVERSION = YES_AGGRESSIVE;
				CLANG_CXX_LANGUAGE_STANDARD = "gnu++14";
				CLANG_CXX_LIBRARY = "libc++";
				CLANG_ENABLE_MODULES = YES;
				CLANG_ENABLE_OBJC_ARC = YES;
				CLANG_ENABLE_OBJC_WEAK = YES;
				CLANG_WARN_BLOCK_CAPTURE_AUTORELEASING = YES;
				CLANG_WARN_BOOL_CONVERSION = YES;
				CLANG_WARN_COMMA = YES;
				CLANG_WARN_CONSTANT_CONVERSION = YES;
				CLANG_WARN_DEPRECATED_OBJC_IMPLEMENTATIONS = YES;
				CLANG_WARN_DIRECT_OBJC_ISA_USAGE = YES_ERROR;
				CLANG_WARN_DOCUMENTATION_COMMENTS = YES;
				CLANG_WARN_EMPTY_BODY = YES;
				CLANG_WARN_ENUM_CONVERSION = YES;
				CLANG_WARN_INFINITE_RECURSION = YES;
				CLANG_WARN_INT_CONVERSION = YES;
				CLANG_WARN_NON_LITERAL_NULL_CONVERSION = YES;
				CLANG_WARN_OBJC_IMPLICIT_RETAIN_SELF = YES;
				CLANG_WARN_OBJC_LITERAL_CONVERSION = YES;
				CLANG_WARN_OBJC_ROOT_CLASS = YES_ERROR;
				CLANG_WARN_QUOTED_INCLUDE_IN_FRAMEWORK_HEADER = YES;
				CLANG_WARN_RANGE_LOOP_ANALYSIS = YES;
				CLANG_WARN_STRICT_PROTOTYPES = YES;
				CLANG_WARN_SUSPICIOUS_MOVE = YES;
				CLANG_WARN_UNGUARDED_AVAILABILITY = YES_AGGRESSIVE;
				CLANG_WARN_UNREACHABLE_CODE = YES;
				CLANG_WARN__DUPLICATE_METHOD_MATCH = YES;
				COPY_PHASE_STRIP = NO;
				DEBUG_INFORMATION_FORMAT = dwarf;
				ENABLE_STRICT_OBJC_MSGSEND = YES;
				ENABLE_TESTABILITY = YES;
				GCC_C_LANGUAGE_STANDARD = gnu11;
				GCC_DYNAMIC_NO_PIC = NO;
				GCC_NO_COMMON_BLOCKS = YES;
				GCC_OPTIMIZATION_LEVEL = 0;
				GCC_PREPROCESSOR_DEFINITIONS = (
					"DEBUG=1",
					"$(inherited)",
				);
				GCC_WARN_64_TO_32_BIT_CONVERSION = YES;
				GCC_WARN_ABOUT_RETURN_TYPE = YES_ERROR;
				GCC_WARN_UNDECLARED_SELECTOR = YES;
				GCC_WARN_UNINITIALIZED_AUTOS = YES_AGGRESSIVE;
				GCC_WARN_UNUSED_FUNCTION = YES;
				GCC_WARN_UNUSED_VARIABLE = YES;
				MACOSX_DEPLOYMENT_TARGET = 11.1;
				MTL_ENABLE_DEBUG_INFO = INCLUDE_SOURCE;
				MTL_FAST_MATH = YES;
				ONLY_ACTIVE_ARCH = YES;
				SDKROOT = macosx;
			};
			name = Debug;
		};
		9974C54129F2C89E000B20C1 /* Release */ = {
			isa = XCBuildConfiguration;
			buildSettings = {
				ALWAYS_SEARCH_USER_PATHS = NO;
				CLANG_ANALYZER_NONNULL = YES;
				CLANG_ANALYZER_NUMBER_OBJECT_CONVERSION = YES_AGGRESSIVE;
				CLANG_CXX_LANGUAGE_STANDARD = "gnu++14";
				CLANG_CXX_LIBRARY = "libc++";
				CLANG_ENABLE_MODULES = YES;
				CLANG_ENABLE_OBJC_ARC = YES;
				CLANG_ENABLE_OBJC_WEAK = YES;
				CLANG_WARN_BLOCK_CAPTURE_AUTORELEASING = YES;
				CLANG_WARN_BOOL_CONVERSION = YES;
				CLANG_WARN_COMMA = YES;
				CLANG_WARN_CONSTANT_CONVERSION = YES;
				CLANG_WARN_DEPRECATED_OBJC_IMPLEMENTATIONS = YES;
				CLANG_WARN_DIRECT_OBJC_ISA_USAGE = YES_ERROR;
				CLANG_WARN_DOCUMENTATION_COMMENTS = YES;
				CLANG_WARN_EMPTY_BODY = YES;
				CLANG_WARN_ENUM_CONVERSION = YES;
				CLANG_WARN_INFINITE_RECURSION = YES;
				CLANG_WARN_INT_CONVERSION = YES;
				CLANG_WARN_NON_LITERAL_NULL_CONVERSION = YES;
				CLANG_WARN_OBJC_IMPLICIT_RETAIN_SELF = YES;
				CLANG_WARN_OBJC_LITERAL_CONVERSION = YES;
				CLANG_WARN_OBJC_ROOT_CLASS = YES_ERROR;
				CLANG_WARN_QUOTED_INCLUDE_IN_FRAMEWORK_HEADER = YES;
				CLANG_WARN_RANGE_LOOP_ANALYSIS = YES;
				CLANG_WARN_STRICT_PROTOTYPES = YES;
				CLANG_WARN_SUSPICIOUS_MOVE = YES;
				CLANG_WARN_UNGUARDED_AVAILABILITY = YES_AGGRESSIVE;
				CLANG_WARN_UNREACHABLE_CODE = YES;
				CLANG_WARN__DUPLICATE_METHOD_MATCH = YES;
				COPY_PHASE_STRIP = NO;
				DEBUG_INFORMATION_FORMAT = "dwarf-with-dsym";
				ENABLE_NS_ASSERTIONS = NO;
				ENABLE_STRICT_OBJC_MSGSEND = YES;
				GCC_C_LANGUAGE_STANDARD = gnu11;
				GCC_NO_COMMON_BLOCKS = YES;
				GCC_WARN_64_TO_32_BIT_CONVERSION = YES;
				GCC_WARN_ABOUT_RETURN_TYPE = YES_ERROR;
				GCC_WARN_UNDECLARED_SELECTOR = YES;
				GCC_WARN_UNINITIALIZED_AUTOS = YES_AGGRESSIVE;
				GCC_WARN_UNUSED_FUNCTION = YES;
				GCC_WARN_UNUSED_VARIABLE = YES;
				MACOSX_DEPLOYMENT_TARGET = 11.1;
				MTL_ENABLE_DEBUG_INFO = NO;
				MTL_FAST_MATH = YES;
				SDKROOT = macosx;
			};
			name = Release;
		};
		9974C54329F2C89E000B20C1 /* Debug */ = {
			isa = XCBuildConfiguration;
			baseConfigurationReference = B8FC66076E63CB0612E3C169 /* Pods-BanditBookChapter5Show.debug.xcconfig */;
			buildSettings = {
				ASSETCATALOG_COMPILER_APPICON_NAME = AppIcon;
				ASSETCATALOG_COMPILER_GLOBAL_ACCENT_COLOR_NAME = AccentColor;
				CODE_SIGN_ENTITLEMENTS = BanditBookChapter5Show/BanditBookChapter5Show.entitlements;
				CODE_SIGN_STYLE = Automatic;
				COMBINE_HIDPI_IMAGES = YES;
				INFOPLIST_FILE = BanditBookChapter5Show/Info.plist;
				LD_RUNPATH_SEARCH_PATHS = (
					"$(inherited)",
					"@executable_path/../Frameworks",
				);
				PRODUCT_BUNDLE_IDENTIFIER = com.Shark.BanditBookChapter5Show;
				PRODUCT_NAME = "$(TARGET_NAME)";
			};
			name = Debug;
		};
		9974C54429F2C89E000B20C1 /* Release */ = {
			isa = XCBuildConfiguration;
			baseConfigurationReference = 0C52C9EA464C27033F0EE817 /* Pods-BanditBookChapter5Show.release.xcconfig */;
			buildSettings = {
				ASSETCATALOG_COMPILER_APPICON_NAME = AppIcon;
				ASSETCATALOG_COMPILER_GLOBAL_ACCENT_COLOR_NAME = AccentColor;
				CODE_SIGN_ENTITLEMENTS = BanditBookChapter5Show/BanditBookChapter5Show.entitlements;
				CODE_SIGN_STYLE = Automatic;
				COMBINE_HIDPI_IMAGES = YES;
				INFOPLIST_FILE = BanditBookChapter5Show/Info.plist;
				LD_RUNPATH_SEARCH_PATHS = (
					"$(inherited)",
					"@executable_path/../Frameworks",
				);
				PRODUCT_BUNDLE_IDENTIFIER = com.Shark.BanditBookChapter5Show;
				PRODUCT_NAME = "$(TARGET_NAME)";
			};
			name = Release;
		};
/* End XCBuildConfiguration section */

/* Begin XCConfigurationList section */
		9974C52929F2C89A000B20C1 /* Build configuration list for PBXProject "BanditBookChapter5Show" */ = {
			isa = XCConfigurationList;
			buildConfigurations = (
				9974C54029F2C89E000B20C1 /* Debug */,
				9974C54129F2C89E000B20C1 /* Release */,
			);
			defaultConfigurationIsVisible = 0;
			defaultConfigurationName = Release;
		};
		9974C54229F2C89E000B20C1 /* Build configuration list for PBXNativeTarget "BanditBookChapter5Show" */ = {
			isa = XCConfigurationList;
			buildConfigurations = (
				9974C54329F2C89E000B20C1 /* Debug */,
				9974C54429F2C89E000B20C1 /* Release */,
			);
			defaultConfigurationIsVisible = 0;
			defaultConfigurationName = Release;
		};
/* End XCConfigurationList section */
	};
	rootObject = 9974C52629F2C89A000B20C1 /* Project object */;
}
